{
  "version": 4,
  "terraform_version": "1.4.2",
  "serial": 3,
  "lineage": "45f62dea-32b9-21e4-1739-dbeb5603cfa3",
  "outputs": {},
  "resources": [
    {
      "mode": "managed",
      "type": "azurerm_resource_group",
      "name": "ntier",
      "provider": "provider[\"registry.terraform.io/hashicorp/azurerm\"]",
      "instances": [
        {
          "schema_version": 0,
          "attributes": {
            "id": "/subscriptions/1f3a9ec8-e65c-4011-9db5-bdc5abafec52/resourceGroups/ntier_rg",
            "location": "eastus",
            "name": "ntier_rg",
            "tags": null,
            "timeouts": null
          },
          "sensitive_attributes": [],
          "private": "eyJlMmJmYjczMC1lY2FhLTExZTYtOGY4OC0zNDM2M2JjN2M0YzAiOnsiY3JlYXRlIjo1NDAwMDAwMDAwMDAwLCJkZWxldGUiOjU0MDAwMDAwMDAwMDAsInJlYWQiOjMwMDAwMDAwMDAwMCwidXBkYXRlIjo1NDAwMDAwMDAwMDAwfX0="
        }
      ]
    },
    {
      "mode": "managed",
      "type": "azurerm_virtual_network",
      "name": "ntier_vnet",
      "provider": "provider[\"registry.terraform.io/hashicorp/azurerm\"]",
      "instances": [
        {
          "schema_version": 0,
          "attributes": {
            "address_space": [
              "192.168.0.0/16"
            ],
            "bgp_community": "",
            "ddos_protection_plan": [],
            "dns_servers": [],
            "edge_zone": "",
            "flow_timeout_in_minutes": 0,
            "guid": "db94f0ec-1cd2-4034-8e64-7fe3a200f2b6",
            "id": "/subscriptions/1f3a9ec8-e65c-4011-9db5-bdc5abafec52/resourceGroups/ntier_rg/providers/Microsoft.Network/virtualNetworks/ntier_vnet",
            "location": "eastus",
            "name": "ntier_vnet",
            "resource_group_name": "ntier_rg",
            "subnet": [],
            "tags": null,
            "timeouts": null
          },
          "sensitive_attributes": [],
          "private": "eyJlMmJmYjczMC1lY2FhLTExZTYtOGY4OC0zNDM2M2JjN2M0YzAiOnsiY3JlYXRlIjoxODAwMDAwMDAwMDAwLCJkZWxldGUiOjE4MDAwMDAwMDAwMDAsInJlYWQiOjMwMDAwMDAwMDAwMCwidXBkYXRlIjoxODAwMDAwMDAwMDAwfX0=",
          "dependencies": [
            "azurerm_resource_group.ntier"
          ]
        }
      ]
    }
  ],
  "check_results": null
}
